
Microsoft Visual Studio Solution File, Format Version 12.00
# Visual Studio Version 17
VisualStudioVersion = 17.0.31903.59
MinimumVisualStudioVersion = 10.0.40219.1
Project("{FAE04EC0-301F-11D3-BF4B-00C04F79EFBC}") = "TodoList", "TodoList\TodoList.csproj", "{CCF553B1-D263-42E4-A822-F8588143C212}"
EndProject
Project("{2150E333-8FDC-42A3-9474-1A3956D46DE8}") = "Cookbook", "Cookbook", "{04A2FDF0-F778-464C-8783-1370CDDEE3DB}"
EndProject
Project("{FAE04EC0-301F-11D3-BF4B-00C04F79EFBC}") = "Cookbook", "Cookbook\Cookbook\Cookbook.csproj", "{70300F77-0010-435B-8337-471E71D5E8E8}"
EndProject
Global
	GlobalSection(SolutionConfigurationPlatforms) = preSolution
		Debug|Any CPU = Debug|Any CPU
		Release|Any CPU = Release|Any CPU
	EndGlobalSection
	GlobalSection(SolutionProperties) = preSolution
		HideSolutionNode = FALSE
	EndGlobalSection
	GlobalSection(ProjectConfigurationPlatforms) = postSolution
		{CCF553B1-D263-42E4-A822-F8588143C212}.Debug|Any CPU.ActiveCfg = Debug|Any CPU
		{CCF553B1-D263-42E4-A822-F8588143C212}.Debug|Any CPU.Build.0 = Debug|Any CPU
		{CCF553B1-D263-42E4-A822-F8588143C212}.Release|Any CPU.ActiveCfg = Release|Any CPU
		{CCF553B1-D263-42E4-A822-F8588143C212}.Release|Any CPU.Build.0 = Release|Any CPU
		{70300F77-0010-435B-8337-471E71D5E8E8}.Debug|Any CPU.ActiveCfg = Debug|Any CPU
		{70300F77-0010-435B-8337-471E71D5E8E8}.Debug|Any CPU.Build.0 = Debug|Any CPU
		{70300F77-0010-435B-8337-471E71D5E8E8}.Release|Any CPU.ActiveCfg = Release|Any CPU
		{70300F77-0010-435B-8337-471E71D5E8E8}.Release|Any CPU.Build.0 = Release|Any CPU
	EndGlobalSection
	GlobalSection(NestedProjects) = preSolution
		{70300F77-0010-435B-8337-471E71D5E8E8} = {04A2FDF0-F778-464C-8783-1370CDDEE3DB}
	EndGlobalSection
EndGlobal
